{
  "version": 4,
  "terraform_version": "0.12.24",
  "serial": 758,
  "lineage": "966770ca-7003-ac0b-2b8a-7b90daa33d5a",
  "outputs": {},
  "resources": [
    {
      "mode": "managed",
      "type": "aws_apigatewayv2_api",
      "name": "rf-api",
      "provider": "provider.aws",
      "instances": [
        {
          "schema_version": 0,
          "attributes": {
            "api_endpoint": "wss://9owex9co2e.execute-api.us-east-1.amazonaws.com",
            "api_key_selection_expression": "$request.header.x-api-key",
            "arn": "arn:aws:apigateway:us-east-1::/apis/9owex9co2e",
            "description": "RF Websocket API. Pull 'action' out of request JSON body.",
            "execution_arn": "arn:aws:execute-api:us-east-1:748004005034:9owex9co2e",
            "id": "9owex9co2e",
            "name": "RF WS API",
            "protocol_type": "WEBSOCKET",
            "route_selection_expression": "$request.body.action",
            "tags": {},
            "version": ""
          },
          "private": "bnVsbA=="
        }
      ]
    },
    {
      "mode": "managed",
      "type": "aws_cloudfront_distribution",
      "name": "website_distribution",
      "provider": "provider.aws",
      "instances": [
        {
          "schema_version": 1,
          "attributes": {
            "active_trusted_signers": {
              "enabled": "false",
              "items.#": "0"
            },
            "aliases": [],
            "arn": "arn:aws:cloudfront::748004005034:distribution/EG8FC9V8HICY5",
            "cache_behavior": [],
            "caller_reference": "terraform-20200331014557472100000001",
            "comment": null,
            "custom_error_response": [
              {
                "error_caching_min_ttl": 300,
                "error_code": 403,
                "response_code": 200,
                "response_page_path": "/index.html"
              },
              {
                "error_caching_min_ttl": 300,
                "error_code": 404,
                "response_code": 200,
                "response_page_path": "/index.html"
              }
            ],
            "default_cache_behavior": [
              {
                "allowed_methods": [
                  "GET",
                  "HEAD"
                ],
                "cached_methods": [
                  "GET",
                  "HEAD"
                ],
                "compress": false,
                "default_ttl": 86400,
                "field_level_encryption_id": "",
                "forwarded_values": [
                  {
                    "cookies": [
                      {
                        "forward": "none",
                        "whitelisted_names": []
                      }
                    ],
                    "headers": [],
                    "query_string": false,
                    "query_string_cache_keys": []
                  }
                ],
                "lambda_function_association": [],
                "max_ttl": 31536000,
                "min_ttl": 0,
                "smooth_streaming": false,
                "target_origin_id": "rf-website-artifacts-bucket-s3-origin",
                "trusted_signers": [],
                "viewer_protocol_policy": "allow-all"
              }
            ],
            "default_root_object": "index.html",
            "domain_name": "d155q41ienh9f7.cloudfront.net",
            "enabled": true,
            "etag": "EF1Q9KAS1EIBT",
            "hosted_zone_id": "Z2FDTNDATAQYW2",
            "http_version": "http2",
            "id": "EG8FC9V8HICY5",
            "in_progress_validation_batches": 0,
            "is_ipv6_enabled": true,
            "last_modified_time": "2020-03-31 02:38:26.741 +0000 UTC",
            "logging_config": [],
            "ordered_cache_behavior": [],
            "origin": [
              {
                "custom_header": [],
                "custom_origin_config": [],
                "domain_name": "rf-website-artifacts-bucket.s3.amazonaws.com",
                "origin_id": "rf-website-artifacts-bucket-s3-origin",
                "origin_path": "",
                "s3_origin_config": []
              }
            ],
            "origin_group": [],
            "price_class": "PriceClass_All",
            "restrictions": [
              {
                "geo_restriction": [
                  {
                    "locations": [],
                    "restriction_type": "none"
                  }
                ]
              }
            ],
            "retain_on_delete": false,
            "status": "Deployed",
            "tags": {},
            "viewer_certificate": [
              {
                "acm_certificate_arn": "",
                "cloudfront_default_certificate": true,
                "iam_certificate_id": "",
                "minimum_protocol_version": "TLSv1",
                "ssl_support_method": ""
              }
            ],
            "wait_for_deployment": true,
            "web_acl_id": ""
          },
          "private": "eyJzY2hlbWFfdmVyc2lvbiI6IjEifQ==",
          "dependencies": [
            "aws_s3_bucket.website_bucket"
          ]
        }
      ]
    },
    {
      "mode": "managed",
      "type": "aws_iam_policy",
      "name": "iam_for_rf_policy",
      "provider": "provider.aws",
      "instances": [
        {
          "schema_version": 0,
          "attributes": {
            "arn": "arn:aws:iam::748004005034:policy/rf-lambda-policy",
            "description": "A policy for the rf websocket lambda",
            "id": "arn:aws:iam::748004005034:policy/rf-lambda-policy",
            "name": "rf-lambda-policy",
            "name_prefix": null,
            "path": "/",
            "policy": "{\n    \"Version\": \"2012-10-17\",\n    \"Statement\": [\n        {\n            \"Effect\": \"Allow\",\n            \"Action\": [\n                \"execute-api:Invoke\",\n                \"execute-api:ManageConnections\"\n            ],\n            \"Resource\": \"arn:aws:execute-api:*:*:*\"\n        },\n        {\n            \"Effect\": \"Allow\",\n            \"Action\": [\n                \"logs:CreateLogGroup\",\n                \"logs:CreateLogStream\",\n                \"logs:PutLogEvents\"\n            ],\n            \"Resource\": \"*\"\n        },\n        {\n            \"Effect\": \"Allow\",\n            \"Action\": \"dynamodb:*\",\n            \"Resource\": \"*\"\n        }\n    ]\n}\n"
          },
          "private": "bnVsbA=="
        }
      ]
    },
    {
      "mode": "managed",
      "type": "aws_iam_policy_attachment",
      "name": "iam_for_rf_attach",
      "provider": "provider.aws",
      "instances": [
        {
          "schema_version": 0,
          "attributes": {
            "groups": [],
            "id": "IAM for RF policy attachment",
            "name": "IAM for RF policy attachment",
            "policy_arn": "arn:aws:iam::748004005034:policy/rf-lambda-policy",
            "roles": [
              "iam_for_rf"
            ],
            "users": []
          },
          "private": "bnVsbA==",
          "dependencies": [
            "aws_iam_policy.iam_for_rf_policy",
            "aws_iam_role.iam_for_rf_role"
          ]
        }
      ]
    },
    {
      "mode": "managed",
      "type": "aws_iam_role",
      "name": "iam_for_rf_role",
      "provider": "provider.aws",
      "instances": [
        {
          "schema_version": 0,
          "attributes": {
            "arn": "arn:aws:iam::748004005034:role/iam_for_rf",
            "assume_role_policy": "{\"Version\":\"2012-10-17\",\"Statement\":[{\"Sid\":\"\",\"Effect\":\"Allow\",\"Principal\":{\"Service\":\"lambda.amazonaws.com\"},\"Action\":\"sts:AssumeRole\"}]}",
            "create_date": "2020-03-31T04:15:45Z",
            "description": "",
            "force_detach_policies": false,
            "id": "iam_for_rf",
            "max_session_duration": 3600,
            "name": "iam_for_rf",
            "name_prefix": null,
            "path": "/",
            "permissions_boundary": null,
            "tags": {},
            "unique_id": "AROA24KEDKSVO4BKCI4NH"
          },
          "private": "bnVsbA=="
        }
      ]
    },
    {
      "module": "module.initialize_lambda",
      "mode": "managed",
      "type": "aws_lambda_function",
      "name": "ws_lambda",
      "provider": "provider.aws",
      "instances": [
        {
          "schema_version": 0,
          "attributes": {
            "arn": "arn:aws:lambda:us-east-1:748004005034:function:ws-initialize-lambda",
            "dead_letter_config": [],
            "description": "",
            "environment": [],
            "filename": "../out/initialize.zip",
            "function_name": "ws-initialize-lambda",
            "handler": "rf_python.lambda_handlers.initialize.handler",
            "id": "ws-initialize-lambda",
            "invoke_arn": "arn:aws:apigateway:us-east-1:lambda:path/2015-03-31/functions/arn:aws:lambda:us-east-1:748004005034:function:ws-initialize-lambda/invocations",
            "kms_key_arn": "",
            "last_modified": "2020-05-17T04:06:19.910+0000",
            "layers": [
              "arn:aws:lambda:us-east-1:748004005034:layer:rf-libs:4"
            ],
            "memory_size": 128,
            "publish": false,
            "qualified_arn": "arn:aws:lambda:us-east-1:748004005034:function:ws-initialize-lambda:$LATEST",
            "reserved_concurrent_executions": -1,
            "role": "arn:aws:iam::748004005034:role/iam_for_rf",
            "runtime": "python3.7",
            "s3_bucket": null,
            "s3_key": null,
            "s3_object_version": null,
            "source_code_hash": "vypGQfmL5x8ANJA3QcXwBUXalajbM6fZFxNuaZrgyBg=",
            "source_code_size": 7498,
            "tags": {},
            "timeout": 10,
            "timeouts": null,
            "tracing_config": [
              {
                "mode": "PassThrough"
              }
            ],
            "version": "$LATEST",
            "vpc_config": []
          },
          "private": "eyJlMmJmYjczMC1lY2FhLTExZTYtOGY4OC0zNDM2M2JjN2M0YzAiOnsiY3JlYXRlIjo2MDAwMDAwMDAwMDB9fQ==",
          "dependencies": [
            "aws_iam_role.iam_for_rf_role",
            "aws_lambda_layer_version.lib_layer"
          ]
        }
      ]
    },
    {
      "module": "module.connect_lambda",
      "mode": "managed",
      "type": "aws_lambda_function",
      "name": "ws_lambda",
      "provider": "provider.aws",
      "instances": [
        {
          "schema_version": 0,
          "attributes": {
            "arn": "arn:aws:lambda:us-east-1:748004005034:function:ws-connect-lambda",
            "dead_letter_config": [],
            "description": "",
            "environment": [],
            "filename": "../out/connect.zip",
            "function_name": "ws-connect-lambda",
            "handler": "rf_python.lambda_handlers.connect.handler",
            "id": "ws-connect-lambda",
            "invoke_arn": "arn:aws:apigateway:us-east-1:lambda:path/2015-03-31/functions/arn:aws:lambda:us-east-1:748004005034:function:ws-connect-lambda/invocations",
            "kms_key_arn": "",
            "last_modified": "2020-05-17T04:06:13.328+0000",
            "layers": [
              "arn:aws:lambda:us-east-1:748004005034:layer:rf-libs:4"
            ],
            "memory_size": 128,
            "publish": false,
            "qualified_arn": "arn:aws:lambda:us-east-1:748004005034:function:ws-connect-lambda:$LATEST",
            "reserved_concurrent_executions": -1,
            "role": "arn:aws:iam::748004005034:role/iam_for_rf",
            "runtime": "python3.7",
            "s3_bucket": null,
            "s3_key": null,
            "s3_object_version": null,
            "source_code_hash": "vypGQfmL5x8ANJA3QcXwBUXalajbM6fZFxNuaZrgyBg=",
            "source_code_size": 7498,
            "tags": {},
            "timeout": 10,
            "timeouts": null,
            "tracing_config": [
              {
                "mode": "PassThrough"
              }
            ],
            "version": "$LATEST",
            "vpc_config": []
          },
          "private": "eyJlMmJmYjczMC1lY2FhLTExZTYtOGY4OC0zNDM2M2JjN2M0YzAiOnsiY3JlYXRlIjo2MDAwMDAwMDAwMDB9fQ==",
          "dependencies": [
            "aws_iam_role.iam_for_rf_role",
            "aws_lambda_layer_version.lib_layer"
          ]
        }
      ]
    },
    {
      "module": "module.update_player_lambda",
      "mode": "managed",
      "type": "aws_lambda_function",
      "name": "ws_lambda",
      "provider": "provider.aws",
      "instances": [
        {
          "schema_version": 0,
          "attributes": {
            "arn": "arn:aws:lambda:us-east-1:748004005034:function:ws-update_player-lambda",
            "dead_letter_config": [],
            "description": "",
            "environment": [],
            "filename": "../out/update_player.zip",
            "function_name": "ws-update_player-lambda",
            "handler": "rf_python.lambda_handlers.update_player.handler",
            "id": "ws-update_player-lambda",
            "invoke_arn": "arn:aws:apigateway:us-east-1:lambda:path/2015-03-31/functions/arn:aws:lambda:us-east-1:748004005034:function:ws-update_player-lambda/invocations",
            "kms_key_arn": "",
            "last_modified": "2020-05-17T04:06:29.728+0000",
            "layers": [
              "arn:aws:lambda:us-east-1:748004005034:layer:rf-libs:4"
            ],
            "memory_size": 128,
            "publish": false,
            "qualified_arn": "arn:aws:lambda:us-east-1:748004005034:function:ws-update_player-lambda:$LATEST",
            "reserved_concurrent_executions": -1,
            "role": "arn:aws:iam::748004005034:role/iam_for_rf",
            "runtime": "python3.7",
            "s3_bucket": null,
            "s3_key": null,
            "s3_object_version": null,
            "source_code_hash": "vypGQfmL5x8ANJA3QcXwBUXalajbM6fZFxNuaZrgyBg=",
            "source_code_size": 7498,
            "tags": {},
            "timeout": 10,
            "timeouts": null,
            "tracing_config": [
              {
                "mode": "PassThrough"
              }
            ],
            "version": "$LATEST",
            "vpc_config": []
          },
          "private": "eyJlMmJmYjczMC1lY2FhLTExZTYtOGY4OC0zNDM2M2JjN2M0YzAiOnsiY3JlYXRlIjo2MDAwMDAwMDAwMDB9fQ==",
          "dependencies": [
            "aws_iam_role.iam_for_rf_role",
            "aws_lambda_layer_version.lib_layer"
          ]
        }
      ]
    },
    {
      "module": "module.card_move_start_lambda",
      "mode": "managed",
      "type": "aws_lambda_function",
      "name": "ws_lambda",
      "provider": "provider.aws",
      "instances": [
        {
          "schema_version": 0,
          "attributes": {
            "arn": "arn:aws:lambda:us-east-1:748004005034:function:ws-card_move_start-lambda",
            "dead_letter_config": [],
            "description": "",
            "environment": [],
            "filename": "../out/card_move_start.zip",
            "function_name": "ws-card_move_start-lambda",
            "handler": "rf_python.lambda_handlers.card_move_start.handler",
            "id": "ws-card_move_start-lambda",
            "invoke_arn": "arn:aws:apigateway:us-east-1:lambda:path/2015-03-31/functions/arn:aws:lambda:us-east-1:748004005034:function:ws-card_move_start-lambda/invocations",
            "kms_key_arn": "",
            "last_modified": "2020-05-17T04:06:05.009+0000",
            "layers": [
              "arn:aws:lambda:us-east-1:748004005034:layer:rf-libs:4"
            ],
            "memory_size": 128,
            "publish": false,
            "qualified_arn": "arn:aws:lambda:us-east-1:748004005034:function:ws-card_move_start-lambda:$LATEST",
            "reserved_concurrent_executions": -1,
            "role": "arn:aws:iam::748004005034:role/iam_for_rf",
            "runtime": "python3.7",
            "s3_bucket": null,
            "s3_key": null,
            "s3_object_version": null,
            "source_code_hash": "vypGQfmL5x8ANJA3QcXwBUXalajbM6fZFxNuaZrgyBg=",
            "source_code_size": 7498,
            "tags": {},
            "timeout": 10,
            "timeouts": null,
            "tracing_config": [
              {
                "mode": "PassThrough"
              }
            ],
            "version": "$LATEST",
            "vpc_config": []
          },
          "private": "eyJlMmJmYjczMC1lY2FhLTExZTYtOGY4OC0zNDM2M2JjN2M0YzAiOnsiY3JlYXRlIjo2MDAwMDAwMDAwMDB9fQ==",
          "dependencies": [
            "aws_iam_role.iam_for_rf_role",
            "aws_lambda_layer_version.lib_layer"
          ]
        }
      ]
    },
    {
      "module": "module.clear_connections_lambda",
      "mode": "managed",
      "type": "aws_lambda_function",
      "name": "ws_lambda",
      "provider": "provider.aws",
      "instances": [
        {
          "schema_version": 0,
          "attributes": {
            "arn": "arn:aws:lambda:us-east-1:748004005034:function:ws-clear_connections-lambda",
            "dead_letter_config": [],
            "description": "",
            "environment": [],
            "filename": "../out/clear_connections.zip",
            "function_name": "ws-clear_connections-lambda",
            "handler": "rf_python.lambda_handlers.clear_connections.handler",
            "id": "ws-clear_connections-lambda",
            "invoke_arn": "arn:aws:apigateway:us-east-1:lambda:path/2015-03-31/functions/arn:aws:lambda:us-east-1:748004005034:function:ws-clear_connections-lambda/invocations",
            "kms_key_arn": "",
            "last_modified": "2020-05-17T04:06:10.101+0000",
            "layers": [
              "arn:aws:lambda:us-east-1:748004005034:layer:rf-libs:4"
            ],
            "memory_size": 128,
            "publish": false,
            "qualified_arn": "arn:aws:lambda:us-east-1:748004005034:function:ws-clear_connections-lambda:$LATEST",
            "reserved_concurrent_executions": -1,
            "role": "arn:aws:iam::748004005034:role/iam_for_rf",
            "runtime": "python3.7",
            "s3_bucket": null,
            "s3_key": null,
            "s3_object_version": null,
            "source_code_hash": "vypGQfmL5x8ANJA3QcXwBUXalajbM6fZFxNuaZrgyBg=",
            "source_code_size": 7498,
            "tags": {},
            "timeout": 10,
            "timeouts": null,
            "tracing_config": [
              {
                "mode": "PassThrough"
              }
            ],
            "version": "$LATEST",
            "vpc_config": []
          },
          "private": "eyJlMmJmYjczMC1lY2FhLTExZTYtOGY4OC0zNDM2M2JjN2M0YzAiOnsiY3JlYXRlIjo2MDAwMDAwMDAwMDB9fQ==",
          "dependencies": [
            "aws_iam_role.iam_for_rf_role",
            "aws_lambda_layer_version.lib_layer"
          ]
        }
      ]
    },
    {
      "module": "module.recall_and_shuffle_lambda",
      "mode": "managed",
      "type": "aws_lambda_function",
      "name": "ws_lambda",
      "provider": "provider.aws",
      "instances": [
        {
          "schema_version": 0,
          "attributes": {
            "arn": "arn:aws:lambda:us-east-1:748004005034:function:ws-recall_and_shuffle-lambda",
            "dead_letter_config": [],
            "description": "",
            "environment": [],
            "filename": "../out/recall_and_shuffle.zip",
            "function_name": "ws-recall_and_shuffle-lambda",
            "handler": "rf_python.lambda_handlers.recall_and_shuffle.handler",
            "id": "ws-recall_and_shuffle-lambda",
            "invoke_arn": "arn:aws:apigateway:us-east-1:lambda:path/2015-03-31/functions/arn:aws:lambda:us-east-1:748004005034:function:ws-recall_and_shuffle-lambda/invocations",
            "kms_key_arn": "",
            "last_modified": "2020-05-17T04:06:26.566+0000",
            "layers": [
              "arn:aws:lambda:us-east-1:748004005034:layer:rf-libs:4"
            ],
            "memory_size": 128,
            "publish": false,
            "qualified_arn": "arn:aws:lambda:us-east-1:748004005034:function:ws-recall_and_shuffle-lambda:$LATEST",
            "reserved_concurrent_executions": -1,
            "role": "arn:aws:iam::748004005034:role/iam_for_rf",
            "runtime": "python3.7",
            "s3_bucket": null,
            "s3_key": null,
            "s3_object_version": null,
            "source_code_hash": "vypGQfmL5x8ANJA3QcXwBUXalajbM6fZFxNuaZrgyBg=",
            "source_code_size": 7498,
            "tags": {},
            "timeout": 10,
            "timeouts": null,
            "tracing_config": [
              {
                "mode": "PassThrough"
              }
            ],
            "version": "$LATEST",
            "vpc_config": []
          },
          "private": "eyJlMmJmYjczMC1lY2FhLTExZTYtOGY4OC0zNDM2M2JjN2M0YzAiOnsiY3JlYXRlIjo2MDAwMDAwMDAwMDB9fQ==",
          "dependencies": [
            "aws_iam_role.iam_for_rf_role",
            "aws_lambda_layer_version.lib_layer"
          ]
        }
      ]
    },
    {
      "module": "module.get_player_lambda",
      "mode": "managed",
      "type": "aws_lambda_function",
      "name": "ws_lambda",
      "provider": "provider.aws",
      "instances": [
        {
          "schema_version": 0,
          "attributes": {
            "arn": "arn:aws:lambda:us-east-1:748004005034:function:ws-get_player-lambda",
            "dead_letter_config": [],
            "description": "",
            "environment": [],
            "filename": "../out/get_player.zip",
            "function_name": "ws-get_player-lambda",
            "handler": "rf_python.lambda_handlers.get_player.handler",
            "id": "ws-get_player-lambda",
            "invoke_arn": "arn:aws:apigateway:us-east-1:lambda:path/2015-03-31/functions/arn:aws:lambda:us-east-1:748004005034:function:ws-get_player-lambda/invocations",
            "kms_key_arn": "",
            "last_modified": "2020-05-17T04:06:08.352+0000",
            "layers": [
              "arn:aws:lambda:us-east-1:748004005034:layer:rf-libs:4"
            ],
            "memory_size": 128,
            "publish": false,
            "qualified_arn": "arn:aws:lambda:us-east-1:748004005034:function:ws-get_player-lambda:$LATEST",
            "reserved_concurrent_executions": -1,
            "role": "arn:aws:iam::748004005034:role/iam_for_rf",
            "runtime": "python3.7",
            "s3_bucket": null,
            "s3_key": null,
            "s3_object_version": null,
            "source_code_hash": "vypGQfmL5x8ANJA3QcXwBUXalajbM6fZFxNuaZrgyBg=",
            "source_code_size": 7498,
            "tags": {},
            "timeout": 10,
            "timeouts": null,
            "tracing_config": [
              {
                "mode": "PassThrough"
              }
            ],
            "version": "$LATEST",
            "vpc_config": []
          },
          "private": "eyJlMmJmYjczMC1lY2FhLTExZTYtOGY4OC0zNDM2M2JjN2M0YzAiOnsiY3JlYXRlIjo2MDAwMDAwMDAwMDB9fQ==",
          "dependencies": [
            "aws_iam_role.iam_for_rf_role",
            "aws_lambda_layer_version.lib_layer"
          ]
        }
      ]
    },
    {
      "module": "module.createroom_lambda",
      "mode": "managed",
      "type": "aws_lambda_function",
      "name": "ws_lambda",
      "provider": "provider.aws",
      "instances": [
        {
          "schema_version": 0,
          "attributes": {
            "arn": "arn:aws:lambda:us-east-1:748004005034:function:ws-create_room-lambda",
            "dead_letter_config": [],
            "description": "",
            "environment": [],
            "filename": "../out/create_room.zip",
            "function_name": "ws-create_room-lambda",
            "handler": "rf_python.lambda_handlers.create_room.handler",
            "id": "ws-create_room-lambda",
            "invoke_arn": "arn:aws:apigateway:us-east-1:lambda:path/2015-03-31/functions/arn:aws:lambda:us-east-1:748004005034:function:ws-create_room-lambda/invocations",
            "kms_key_arn": "",
            "last_modified": "2020-05-17T04:06:16.674+0000",
            "layers": [
              "arn:aws:lambda:us-east-1:748004005034:layer:rf-libs:4"
            ],
            "memory_size": 128,
            "publish": false,
            "qualified_arn": "arn:aws:lambda:us-east-1:748004005034:function:ws-create_room-lambda:$LATEST",
            "reserved_concurrent_executions": -1,
            "role": "arn:aws:iam::748004005034:role/iam_for_rf",
            "runtime": "python3.7",
            "s3_bucket": null,
            "s3_key": null,
            "s3_object_version": null,
            "source_code_hash": "vypGQfmL5x8ANJA3QcXwBUXalajbM6fZFxNuaZrgyBg=",
            "source_code_size": 7498,
            "tags": {},
            "timeout": 10,
            "timeouts": null,
            "tracing_config": [
              {
                "mode": "PassThrough"
              }
            ],
            "version": "$LATEST",
            "vpc_config": []
          },
          "private": "eyJlMmJmYjczMC1lY2FhLTExZTYtOGY4OC0zNDM2M2JjN2M0YzAiOnsiY3JlYXRlIjo2MDAwMDAwMDAwMDB9fQ==",
          "dependencies": [
            "aws_iam_role.iam_for_rf_role",
            "aws_lambda_layer_version.lib_layer"
          ]
        }
      ]
    },
    {
      "module": "module.send_message_lambda",
      "mode": "managed",
      "type": "aws_lambda_function",
      "name": "ws_lambda",
      "provider": "provider.aws",
      "instances": [
        {
          "schema_version": 0,
          "attributes": {
            "arn": "arn:aws:lambda:us-east-1:748004005034:function:ws-send_message-lambda",
            "dead_letter_config": [],
            "description": "",
            "environment": [],
            "filename": "../out/send_message.zip",
            "function_name": "ws-send_message-lambda",
            "handler": "rf_python.lambda_handlers.send_message.handler",
            "id": "ws-send_message-lambda",
            "invoke_arn": "arn:aws:apigateway:us-east-1:lambda:path/2015-03-31/functions/arn:aws:lambda:us-east-1:748004005034:function:ws-send_message-lambda/invocations",
            "kms_key_arn": "",
            "last_modified": "2020-05-17T04:06:01.820+0000",
            "layers": [
              "arn:aws:lambda:us-east-1:748004005034:layer:rf-libs:4"
            ],
            "memory_size": 128,
            "publish": false,
            "qualified_arn": "arn:aws:lambda:us-east-1:748004005034:function:ws-send_message-lambda:$LATEST",
            "reserved_concurrent_executions": -1,
            "role": "arn:aws:iam::748004005034:role/iam_for_rf",
            "runtime": "python3.7",
            "s3_bucket": null,
            "s3_key": null,
            "s3_object_version": null,
            "source_code_hash": "vypGQfmL5x8ANJA3QcXwBUXalajbM6fZFxNuaZrgyBg=",
            "source_code_size": 7498,
            "tags": {},
            "timeout": 10,
            "timeouts": null,
            "tracing_config": [
              {
                "mode": "PassThrough"
              }
            ],
            "version": "$LATEST",
            "vpc_config": []
          },
          "private": "eyJlMmJmYjczMC1lY2FhLTExZTYtOGY4OC0zNDM2M2JjN2M0YzAiOnsiY3JlYXRlIjo2MDAwMDAwMDAwMDB9fQ==",
          "dependencies": [
            "aws_iam_role.iam_for_rf_role",
            "aws_lambda_layer_version.lib_layer"
          ]
        }
      ]
    },
    {
      "module": "module.card_move_end_lambda",
      "mode": "managed",
      "type": "aws_lambda_function",
      "name": "ws_lambda",
      "provider": "provider.aws",
      "instances": [
        {
          "schema_version": 0,
          "attributes": {
            "arn": "arn:aws:lambda:us-east-1:748004005034:function:ws-card_move_end-lambda",
            "dead_letter_config": [],
            "description": "",
            "environment": [],
            "filename": "../out/card_move_end.zip",
            "function_name": "ws-card_move_end-lambda",
            "handler": "rf_python.lambda_handlers.card_move_end.handler",
            "id": "ws-card_move_end-lambda",
            "invoke_arn": "arn:aws:apigateway:us-east-1:lambda:path/2015-03-31/functions/arn:aws:lambda:us-east-1:748004005034:function:ws-card_move_end-lambda/invocations",
            "kms_key_arn": "",
            "last_modified": "2020-05-17T04:06:23.208+0000",
            "layers": [
              "arn:aws:lambda:us-east-1:748004005034:layer:rf-libs:4"
            ],
            "memory_size": 128,
            "publish": false,
            "qualified_arn": "arn:aws:lambda:us-east-1:748004005034:function:ws-card_move_end-lambda:$LATEST",
            "reserved_concurrent_executions": -1,
            "role": "arn:aws:iam::748004005034:role/iam_for_rf",
            "runtime": "python3.7",
            "s3_bucket": null,
            "s3_key": null,
            "s3_object_version": null,
            "source_code_hash": "vypGQfmL5x8ANJA3QcXwBUXalajbM6fZFxNuaZrgyBg=",
            "source_code_size": 7498,
            "tags": {},
            "timeout": 10,
            "timeouts": null,
            "tracing_config": [
              {
                "mode": "PassThrough"
              }
            ],
            "version": "$LATEST",
            "vpc_config": []
          },
          "private": "eyJlMmJmYjczMC1lY2FhLTExZTYtOGY4OC0zNDM2M2JjN2M0YzAiOnsiY3JlYXRlIjo2MDAwMDAwMDAwMDB9fQ==",
          "dependencies": [
            "aws_iam_role.iam_for_rf_role",
            "aws_lambda_layer_version.lib_layer"
          ]
        }
      ]
    },
    {
      "mode": "managed",
      "type": "aws_lambda_layer_version",
      "name": "lib_layer",
      "provider": "provider.aws",
      "instances": [
        {
          "schema_version": 0,
          "attributes": {
            "arn": "arn:aws:lambda:us-east-1:748004005034:layer:rf-libs:4",
            "compatible_runtimes": [
              "python3.7"
            ],
            "created_date": "2020-03-29T19:24:43.020+0000",
            "description": "",
            "filename": "../out/rf_lib.zip",
            "id": "arn:aws:lambda:us-east-1:748004005034:layer:rf-libs:4",
            "layer_arn": "arn:aws:lambda:us-east-1:748004005034:layer:rf-libs",
            "layer_name": "rf-libs",
            "license_info": "",
            "s3_bucket": null,
            "s3_key": null,
            "s3_object_version": null,
            "source_code_hash": "Pfc/qQk0TWR7lusdEojeOzL00k02Y3c72VGIObWOpTA=",
            "source_code_size": 4952576,
            "version": "4"
          },
          "private": "bnVsbA=="
        }
      ]
    },
    {
      "mode": "managed",
      "type": "aws_s3_bucket",
      "name": "code_bucket",
      "provider": "provider.aws",
      "instances": [
        {
          "schema_version": 0,
          "attributes": {
            "acceleration_status": "",
            "acl": "private",
            "arn": "arn:aws:s3:::rf-lambda-bucket",
            "bucket": "rf-lambda-bucket",
            "bucket_domain_name": "rf-lambda-bucket.s3.amazonaws.com",
            "bucket_prefix": null,
            "bucket_regional_domain_name": "rf-lambda-bucket.s3.amazonaws.com",
            "cors_rule": [],
            "force_destroy": false,
            "grant": [],
            "hosted_zone_id": "Z3AQBSTGFYJSTF",
            "id": "rf-lambda-bucket",
            "lifecycle_rule": [],
            "logging": [],
            "object_lock_configuration": [],
            "policy": null,
            "region": "us-east-1",
            "replication_configuration": [],
            "request_payer": "BucketOwner",
            "server_side_encryption_configuration": [],
            "tags": {},
            "versioning": [
              {
                "enabled": false,
                "mfa_delete": false
              }
            ],
            "website": [],
            "website_domain": "",
            "website_endpoint": ""
          },
          "private": "bnVsbA=="
        }
      ]
    },
    {
      "mode": "managed",
      "type": "aws_s3_bucket",
      "name": "website_bucket",
      "provider": "provider.aws",
      "instances": [
        {
          "schema_version": 0,
          "attributes": {
            "acceleration_status": "",
            "acl": "private",
            "arn": "arn:aws:s3:::rf-website-artifacts-bucket",
            "bucket": "rf-website-artifacts-bucket",
            "bucket_domain_name": "rf-website-artifacts-bucket.s3.amazonaws.com",
            "bucket_prefix": null,
            "bucket_regional_domain_name": "rf-website-artifacts-bucket.s3.amazonaws.com",
            "cors_rule": [],
            "force_destroy": false,
            "grant": [],
            "hosted_zone_id": "Z3AQBSTGFYJSTF",
            "id": "rf-website-artifacts-bucket",
            "lifecycle_rule": [],
            "logging": [],
            "object_lock_configuration": [],
            "policy": "{\"Statement\":[{\"Action\":\"s3:GetObject\",\"Effect\":\"Allow\",\"Principal\":\"*\",\"Resource\":\"arn:aws:s3:::rf-website-artifacts-bucket/*\",\"Sid\":\"PublicReadGetObject\"}],\"Version\":\"2012-10-17\"}",
            "region": "us-east-1",
            "replication_configuration": [],
            "request_payer": "BucketOwner",
            "server_side_encryption_configuration": [],
            "tags": {},
            "versioning": [
              {
                "enabled": false,
                "mfa_delete": false
              }
            ],
            "website": [
              {
                "error_document": "index.html",
                "index_document": "index.html",
                "redirect_all_requests_to": "",
                "routing_rules": ""
              }
            ],
            "website_domain": "s3-website-us-east-1.amazonaws.com",
            "website_endpoint": "rf-website-artifacts-bucket.s3-website-us-east-1.amazonaws.com"
          },
          "private": "bnVsbA=="
        }
      ]
    },
    {
      "mode": "managed",
      "type": "aws_s3_bucket_public_access_block",
      "name": "website_bucket_public_access",
      "provider": "provider.aws",
      "instances": [
        {
          "schema_version": 0,
          "attributes": {
            "block_public_acls": false,
            "block_public_policy": false,
            "bucket": "rf-website-artifacts-bucket",
            "id": "rf-website-artifacts-bucket",
            "ignore_public_acls": false,
            "restrict_public_buckets": false
          },
          "private": "bnVsbA==",
          "dependencies": [
            "aws_s3_bucket.website_bucket"
          ]
        }
      ]
    }
  ]
}
